
Microsoft Visual Studio Solution File, Format Version 12.00
# Visual Studio Version 16
VisualStudioVersion = 16.0.32802.440
MinimumVisualStudioVersion = 10.0.40219.1
Project("{8BC9CEB8-8B4A-11D0-8D11-00A0C91BC942}") = "laba10oaip", "laba10oaip\laba10oaip.vcxproj", "{B9281603-8EC9-42A6-AC1C-A47A43EF9436}"
EndProject
Project("{8BC9CEB8-8B4A-11D0-8D11-00A0C91BC942}") = "lab1.2", "lab1.2\lab1.2.vcxproj", "{2139C571-29AA-40C9-88D1-8B2E36864EA1}"
EndProject
Project("{8BC9CEB8-8B4A-11D0-8D11-00A0C91BC942}") = "var15.1", "var15.1\var15.1.vcxproj", "{189A6935-E6DD-42DC-9179-4AEF238C5272}"
EndProject
Project("{8BC9CEB8-8B4A-11D0-8D11-00A0C91BC942}") = "var15.2", "var15.2\var15.2.vcxproj", "{03BE2BED-465C-4E2F-BD91-6F10E530B6FC}"
EndProject
Project("{8BC9CEB8-8B4A-11D0-8D11-00A0C91BC942}") = "var7.1", "var7.1\var7.1.vcxproj", "{FB891C38-DFA8-4824-9340-52CAB886FECD}"
EndProject
Project("{8BC9CEB8-8B4A-11D0-8D11-00A0C91BC942}") = "var7.2", "var7.2\var7.2.vcxproj", "{18AE2907-C231-4DF0-99F4-5844AE6F7B74}"
EndProject
Project("{8BC9CEB8-8B4A-11D0-8D11-00A0C91BC942}") = "var8.1", "var8.1\var8.1.vcxproj", "{83BE4B93-ADE4-44A5-80E5-94368632A7C8}"
EndProject
Project("{8BC9CEB8-8B4A-11D0-8D11-00A0C91BC942}") = "var5.1", "var5.1\var5.1.vcxproj", "{71443509-1384-4D34-A54F-9A65B5D0CC82}"
EndProject
Project("{8BC9CEB8-8B4A-11D0-8D11-00A0C91BC942}") = "var5.2", "var5.2\var5.2.vcxproj", "{7C027941-4DBB-4ACF-9602-8288EA9EDEF4}"
EndProject
Project("{8BC9CEB8-8B4A-11D0-8D11-00A0C91BC942}") = "var8.2", "var8.2\var8.2.vcxproj", "{EEBA02BB-43EB-4ADB-95FC-A93C9AFFAED9}"
EndProject
Global
	GlobalSection(SolutionConfigurationPlatforms) = preSolution
		Debug|x64 = Debug|x64
		Debug|x86 = Debug|x86
		Release|x64 = Release|x64
		Release|x86 = Release|x86
	EndGlobalSection
	GlobalSection(ProjectConfigurationPlatforms) = postSolution
		{B9281603-8EC9-42A6-AC1C-A47A43EF9436}.Debug|x64.ActiveCfg = Debug|x64
		{B9281603-8EC9-42A6-AC1C-A47A43EF9436}.Debug|x64.Build.0 = Debug|x64
		{B9281603-8EC9-42A6-AC1C-A47A43EF9436}.Debug|x86.ActiveCfg = Debug|Win32
		{B9281603-8EC9-42A6-AC1C-A47A43EF9436}.Debug|x86.Build.0 = Debug|Win32
		{B9281603-8EC9-42A6-AC1C-A47A43EF9436}.Release|x64.ActiveCfg = Release|x64
		{B9281603-8EC9-42A6-AC1C-A47A43EF9436}.Release|x64.Build.0 = Release|x64
		{B9281603-8EC9-42A6-AC1C-A47A43EF9436}.Release|x86.ActiveCfg = Release|Win32
		{B9281603-8EC9-42A6-AC1C-A47A43EF9436}.Release|x86.Build.0 = Release|Win32
		{2139C571-29AA-40C9-88D1-8B2E36864EA1}.Debug|x64.ActiveCfg = Debug|x64
		{2139C571-29AA-40C9-88D1-8B2E36864EA1}.Debug|x64.Build.0 = Debug|x64
		{2139C571-29AA-40C9-88D1-8B2E36864EA1}.Debug|x86.ActiveCfg = Debug|Win32
		{2139C571-29AA-40C9-88D1-8B2E36864EA1}.Debug|x86.Build.0 = Debug|Win32
		{2139C571-29AA-40C9-88D1-8B2E36864EA1}.Release|x64.ActiveCfg = Release|x64
		{2139C571-29AA-40C9-88D1-8B2E36864EA1}.Release|x64.Build.0 = Release|x64
		{2139C571-29AA-40C9-88D1-8B2E36864EA1}.Release|x86.ActiveCfg = Release|Win32
		{2139C571-29AA-40C9-88D1-8B2E36864EA1}.Release|x86.Build.0 = Release|Win32
		{189A6935-E6DD-42DC-9179-4AEF238C5272}.Debug|x64.ActiveCfg = Debug|x64
		{189A6935-E6DD-42DC-9179-4AEF238C5272}.Debug|x64.Build.0 = Debug|x64
		{189A6935-E6DD-42DC-9179-4AEF238C5272}.Debug|x86.ActiveCfg = Debug|Win32
		{189A6935-E6DD-42DC-9179-4AEF238C5272}.Debug|x86.Build.0 = Debug|Win32
		{189A6935-E6DD-42DC-9179-4AEF238C5272}.Release|x64.ActiveCfg = Release|x64
		{189A6935-E6DD-42DC-9179-4AEF238C5272}.Release|x64.Build.0 = Release|x64
		{189A6935-E6DD-42DC-9179-4AEF238C5272}.Release|x86.ActiveCfg = Release|Win32
		{189A6935-E6DD-42DC-9179-4AEF238C5272}.Release|x86.Build.0 = Release|Win32
		{03BE2BED-465C-4E2F-BD91-6F10E530B6FC}.Debug|x64.ActiveCfg = Debug|x64
		{03BE2BED-465C-4E2F-BD91-6F10E530B6FC}.Debug|x64.Build.0 = Debug|x64
		{03BE2BED-465C-4E2F-BD91-6F10E530B6FC}.Debug|x86.ActiveCfg = Debug|Win32
		{03BE2BED-465C-4E2F-BD91-6F10E530B6FC}.Debug|x86.Build.0 = Debug|Win32
		{03BE2BED-465C-4E2F-BD91-6F10E530B6FC}.Release|x64.ActiveCfg = Release|x64
		{03BE2BED-465C-4E2F-BD91-6F10E530B6FC}.Release|x64.Build.0 = Release|x64
		{03BE2BED-465C-4E2F-BD91-6F10E530B6FC}.Release|x86.ActiveCfg = Release|Win32
		{03BE2BED-465C-4E2F-BD91-6F10E530B6FC}.Release|x86.Build.0 = Release|Win32
		{FB891C38-DFA8-4824-9340-52CAB886FECD}.Debug|x64.ActiveCfg = Debug|x64
		{FB891C38-DFA8-4824-9340-52CAB886FECD}.Debug|x64.Build.0 = Debug|x64
		{FB891C38-DFA8-4824-9340-52CAB886FECD}.Debug|x86.ActiveCfg = Debug|Win32
		{FB891C38-DFA8-4824-9340-52CAB886FECD}.Debug|x86.Build.0 = Debug|Win32
		{FB891C38-DFA8-4824-9340-52CAB886FECD}.Release|x64.ActiveCfg = Release|x64
		{FB891C38-DFA8-4824-9340-52CAB886FECD}.Release|x64.Build.0 = Release|x64
		{FB891C38-DFA8-4824-9340-52CAB886FECD}.Release|x86.ActiveCfg = Release|Win32
		{FB891C38-DFA8-4824-9340-52CAB886FECD}.Release|x86.Build.0 = Release|Win32
		{18AE2907-C231-4DF0-99F4-5844AE6F7B74}.Debug|x64.ActiveCfg = Debug|x64
		{18AE2907-C231-4DF0-99F4-5844AE6F7B74}.Debug|x64.Build.0 = Debug|x64
		{18AE2907-C231-4DF0-99F4-5844AE6F7B74}.Debug|x86.ActiveCfg = Debug|Win32
		{18AE2907-C231-4DF0-99F4-5844AE6F7B74}.Debug|x86.Build.0 = Debug|Win32
		{18AE2907-C231-4DF0-99F4-5844AE6F7B74}.Release|x64.ActiveCfg = Release|x64
		{18AE2907-C231-4DF0-99F4-5844AE6F7B74}.Release|x64.Build.0 = Release|x64
		{18AE2907-C231-4DF0-99F4-5844AE6F7B74}.Release|x86.ActiveCfg = Release|Win32
		{18AE2907-C231-4DF0-99F4-5844AE6F7B74}.Release|x86.Build.0 = Release|Win32
		{83BE4B93-ADE4-44A5-80E5-94368632A7C8}.Debug|x64.ActiveCfg = Debug|x64
		{83BE4B93-ADE4-44A5-80E5-94368632A7C8}.Debug|x64.Build.0 = Debug|x64
		{83BE4B93-ADE4-44A5-80E5-94368632A7C8}.Debug|x86.ActiveCfg = Debug|Win32
		{83BE4B93-ADE4-44A5-80E5-94368632A7C8}.Debug|x86.Build.0 = Debug|Win32
		{83BE4B93-ADE4-44A5-80E5-94368632A7C8}.Release|x64.ActiveCfg = Release|x64
		{83BE4B93-ADE4-44A5-80E5-94368632A7C8}.Release|x64.Build.0 = Release|x64
		{83BE4B93-ADE4-44A5-80E5-94368632A7C8}.Release|x86.ActiveCfg = Release|Win32
		{83BE4B93-ADE4-44A5-80E5-94368632A7C8}.Release|x86.Build.0 = Release|Win32
		{71443509-1384-4D34-A54F-9A65B5D0CC82}.Debug|x64.ActiveCfg = Debug|x64
		{71443509-1384-4D34-A54F-9A65B5D0CC82}.Debug|x64.Build.0 = Debug|x64
		{71443509-1384-4D34-A54F-9A65B5D0CC82}.Debug|x86.ActiveCfg = Debug|Win32
		{71443509-1384-4D34-A54F-9A65B5D0CC82}.Debug|x86.Build.0 = Debug|Win32
		{71443509-1384-4D34-A54F-9A65B5D0CC82}.Release|x64.ActiveCfg = Release|x64
		{71443509-1384-4D34-A54F-9A65B5D0CC82}.Release|x64.Build.0 = Release|x64
		{71443509-1384-4D34-A54F-9A65B5D0CC82}.Release|x86.ActiveCfg = Release|Win32
		{71443509-1384-4D34-A54F-9A65B5D0CC82}.Release|x86.Build.0 = Release|Win32
		{7C027941-4DBB-4ACF-9602-8288EA9EDEF4}.Debug|x64.ActiveCfg = Debug|x64
		{7C027941-4DBB-4ACF-9602-8288EA9EDEF4}.Debug|x64.Build.0 = Debug|x64
		{7C027941-4DBB-4ACF-9602-8288EA9EDEF4}.Debug|x86.ActiveCfg = Debug|Win32
		{7C027941-4DBB-4ACF-9602-8288EA9EDEF4}.Debug|x86.Build.0 = Debug|Win32
		{7C027941-4DBB-4ACF-9602-8288EA9EDEF4}.Release|x64.ActiveCfg = Release|x64
		{7C027941-4DBB-4ACF-9602-8288EA9EDEF4}.Release|x64.Build.0 = Release|x64
		{7C027941-4DBB-4ACF-9602-8288EA9EDEF4}.Release|x86.ActiveCfg = Release|Win32
		{7C027941-4DBB-4ACF-9602-8288EA9EDEF4}.Release|x86.Build.0 = Release|Win32
		{EEBA02BB-43EB-4ADB-95FC-A93C9AFFAED9}.Debug|x64.ActiveCfg = Debug|x64
		{EEBA02BB-43EB-4ADB-95FC-A93C9AFFAED9}.Debug|x64.Build.0 = Debug|x64
		{EEBA02BB-43EB-4ADB-95FC-A93C9AFFAED9}.Debug|x86.ActiveCfg = Debug|Win32
		{EEBA02BB-43EB-4ADB-95FC-A93C9AFFAED9}.Debug|x86.Build.0 = Debug|Win32
		{EEBA02BB-43EB-4ADB-95FC-A93C9AFFAED9}.Release|x64.ActiveCfg = Release|x64
		{EEBA02BB-43EB-4ADB-95FC-A93C9AFFAED9}.Release|x64.Build.0 = Release|x64
		{EEBA02BB-43EB-4ADB-95FC-A93C9AFFAED9}.Release|x86.ActiveCfg = Release|Win32
		{EEBA02BB-43EB-4ADB-95FC-A93C9AFFAED9}.Release|x86.Build.0 = Release|Win32
	EndGlobalSection
	GlobalSection(SolutionProperties) = preSolution
		HideSolutionNode = FALSE
	EndGlobalSection
	GlobalSection(ExtensibilityGlobals) = postSolution
		SolutionGuid = {FABDEBD7-006B-44E8-A383-4E0AA4199FB9}
	EndGlobalSection
EndGlobal
