
Microsoft Visual Studio Solution File, Format Version 12.00
# Visual Studio Version 16
VisualStudioVersion = 16.0.32802.440
MinimumVisualStudioVersion = 10.0.40219.1
Project("{8BC9CEB8-8B4A-11D0-8D11-00A0C91BC942}") = "lab04oaip", "lab04oaip\lab04oaip.vcxproj", "{6D213A3A-8D85-4242-A8A5-04D6D9B7CAC5}"
EndProject
Project("{8BC9CEB8-8B4A-11D0-8D11-00A0C91BC942}") = "lab4.6oaip", "lab4.6oaip\lab4.6oaip.vcxproj", "{A7CA2BC8-0BEA-4784-BB82-9633639EDF21}"
EndProject
Project("{8BC9CEB8-8B4A-11D0-8D11-00A0C91BC942}") = "lab4.4oaip", "lab4.4oaip\lab4.4oaip.vcxproj", "{9A56EA8A-DC21-4E0A-84D8-839F6F6EA327}"
EndProject
Project("{8BC9CEB8-8B4A-11D0-8D11-00A0C91BC942}") = "dop4.1oaip", "dop4.1oaip\dop4.1oaip.vcxproj", "{6F24BFD3-8576-46B5-BA8D-51C460209081}"
EndProject
Project("{8BC9CEB8-8B4A-11D0-8D11-00A0C91BC942}") = "dop4.4", "dop4.4\dop4.4.vcxproj", "{F74F91D6-0CEE-4AAD-BC52-295C634DC107}"
EndProject
Project("{8BC9CEB8-8B4A-11D0-8D11-00A0C91BC942}") = "dop4.3", "dop4.3\dop4.3.vcxproj", "{84F25A65-5AAC-4168-A729-A84A6FB127E6}"
EndProject
Global
	GlobalSection(SolutionConfigurationPlatforms) = preSolution
		Debug|x64 = Debug|x64
		Debug|x86 = Debug|x86
		Release|x64 = Release|x64
		Release|x86 = Release|x86
	EndGlobalSection
	GlobalSection(ProjectConfigurationPlatforms) = postSolution
		{6D213A3A-8D85-4242-A8A5-04D6D9B7CAC5}.Debug|x64.ActiveCfg = Debug|x64
		{6D213A3A-8D85-4242-A8A5-04D6D9B7CAC5}.Debug|x64.Build.0 = Debug|x64
		{6D213A3A-8D85-4242-A8A5-04D6D9B7CAC5}.Debug|x86.ActiveCfg = Debug|Win32
		{6D213A3A-8D85-4242-A8A5-04D6D9B7CAC5}.Debug|x86.Build.0 = Debug|Win32
		{6D213A3A-8D85-4242-A8A5-04D6D9B7CAC5}.Release|x64.ActiveCfg = Release|x64
		{6D213A3A-8D85-4242-A8A5-04D6D9B7CAC5}.Release|x64.Build.0 = Release|x64
		{6D213A3A-8D85-4242-A8A5-04D6D9B7CAC5}.Release|x86.ActiveCfg = Release|Win32
		{6D213A3A-8D85-4242-A8A5-04D6D9B7CAC5}.Release|x86.Build.0 = Release|Win32
		{A7CA2BC8-0BEA-4784-BB82-9633639EDF21}.Debug|x64.ActiveCfg = Debug|x64
		{A7CA2BC8-0BEA-4784-BB82-9633639EDF21}.Debug|x64.Build.0 = Debug|x64
		{A7CA2BC8-0BEA-4784-BB82-9633639EDF21}.Debug|x86.ActiveCfg = Debug|Win32
		{A7CA2BC8-0BEA-4784-BB82-9633639EDF21}.Debug|x86.Build.0 = Debug|Win32
		{A7CA2BC8-0BEA-4784-BB82-9633639EDF21}.Release|x64.ActiveCfg = Release|x64
		{A7CA2BC8-0BEA-4784-BB82-9633639EDF21}.Release|x64.Build.0 = Release|x64
		{A7CA2BC8-0BEA-4784-BB82-9633639EDF21}.Release|x86.ActiveCfg = Release|Win32
		{A7CA2BC8-0BEA-4784-BB82-9633639EDF21}.Release|x86.Build.0 = Release|Win32
		{9A56EA8A-DC21-4E0A-84D8-839F6F6EA327}.Debug|x64.ActiveCfg = Debug|x64
		{9A56EA8A-DC21-4E0A-84D8-839F6F6EA327}.Debug|x64.Build.0 = Debug|x64
		{9A56EA8A-DC21-4E0A-84D8-839F6F6EA327}.Debug|x86.ActiveCfg = Debug|Win32
		{9A56EA8A-DC21-4E0A-84D8-839F6F6EA327}.Debug|x86.Build.0 = Debug|Win32
		{9A56EA8A-DC21-4E0A-84D8-839F6F6EA327}.Release|x64.ActiveCfg = Release|x64
		{9A56EA8A-DC21-4E0A-84D8-839F6F6EA327}.Release|x64.Build.0 = Release|x64
		{9A56EA8A-DC21-4E0A-84D8-839F6F6EA327}.Release|x86.ActiveCfg = Release|Win32
		{9A56EA8A-DC21-4E0A-84D8-839F6F6EA327}.Release|x86.Build.0 = Release|Win32
		{6F24BFD3-8576-46B5-BA8D-51C460209081}.Debug|x64.ActiveCfg = Debug|x64
		{6F24BFD3-8576-46B5-BA8D-51C460209081}.Debug|x64.Build.0 = Debug|x64
		{6F24BFD3-8576-46B5-BA8D-51C460209081}.Debug|x86.ActiveCfg = Debug|Win32
		{6F24BFD3-8576-46B5-BA8D-51C460209081}.Debug|x86.Build.0 = Debug|Win32
		{6F24BFD3-8576-46B5-BA8D-51C460209081}.Release|x64.ActiveCfg = Release|x64
		{6F24BFD3-8576-46B5-BA8D-51C460209081}.Release|x64.Build.0 = Release|x64
		{6F24BFD3-8576-46B5-BA8D-51C460209081}.Release|x86.ActiveCfg = Release|Win32
		{6F24BFD3-8576-46B5-BA8D-51C460209081}.Release|x86.Build.0 = Release|Win32
		{F74F91D6-0CEE-4AAD-BC52-295C634DC107}.Debug|x64.ActiveCfg = Debug|x64
		{F74F91D6-0CEE-4AAD-BC52-295C634DC107}.Debug|x64.Build.0 = Debug|x64
		{F74F91D6-0CEE-4AAD-BC52-295C634DC107}.Debug|x86.ActiveCfg = Debug|Win32
		{F74F91D6-0CEE-4AAD-BC52-295C634DC107}.Debug|x86.Build.0 = Debug|Win32
		{F74F91D6-0CEE-4AAD-BC52-295C634DC107}.Release|x64.ActiveCfg = Release|x64
		{F74F91D6-0CEE-4AAD-BC52-295C634DC107}.Release|x64.Build.0 = Release|x64
		{F74F91D6-0CEE-4AAD-BC52-295C634DC107}.Release|x86.ActiveCfg = Release|Win32
		{F74F91D6-0CEE-4AAD-BC52-295C634DC107}.Release|x86.Build.0 = Release|Win32
		{84F25A65-5AAC-4168-A729-A84A6FB127E6}.Debug|x64.ActiveCfg = Debug|x64
		{84F25A65-5AAC-4168-A729-A84A6FB127E6}.Debug|x64.Build.0 = Debug|x64
		{84F25A65-5AAC-4168-A729-A84A6FB127E6}.Debug|x86.ActiveCfg = Debug|Win32
		{84F25A65-5AAC-4168-A729-A84A6FB127E6}.Debug|x86.Build.0 = Debug|Win32
		{84F25A65-5AAC-4168-A729-A84A6FB127E6}.Release|x64.ActiveCfg = Release|x64
		{84F25A65-5AAC-4168-A729-A84A6FB127E6}.Release|x64.Build.0 = Release|x64
		{84F25A65-5AAC-4168-A729-A84A6FB127E6}.Release|x86.ActiveCfg = Release|Win32
		{84F25A65-5AAC-4168-A729-A84A6FB127E6}.Release|x86.Build.0 = Release|Win32
	EndGlobalSection
	GlobalSection(SolutionProperties) = preSolution
		HideSolutionNode = FALSE
	EndGlobalSection
	GlobalSection(ExtensibilityGlobals) = postSolution
		SolutionGuid = {C17F7890-8D03-4E51-9BB6-3F1DA412F1FA}
	EndGlobalSection
EndGlobal
